
Microsoft Visual Studio Solution File, Format Version 12.00
# Visual Studio 15
VisualStudioVersion = 15.0.28307.136
MinimumVisualStudioVersion = 10.0.40219.1
Project("{FAE04EC0-301F-11D3-BF4B-00C04F79EFBC}") = "HelloWold", "HelloWold\HelloWold.csproj", "{C6717BE3-6B20-49C2-BC3F-0D8D64C2B571}"
EndProject
Global
	GlobalSection(SolutionConfigurationPlatforms) = preSolution
		Debug|Any CPU = Debug|Any CPU
		Release|Any CPU = Release|Any CPU
	EndGlobalSection
	GlobalSection(ProjectConfigurationPlatforms) = postSolution
		{C6717BE3-6B20-49C2-BC3F-0D8D64C2B571}.Debug|Any CPU.ActiveCfg = Debug|Any CPU
		{C6717BE3-6B20-49C2-BC3F-0D8D64C2B571}.Debug|Any CPU.Build.0 = Debug|Any CPU
		{C6717BE3-6B20-49C2-BC3F-0D8D64C2B571}.Release|Any CPU.ActiveCfg = Release|Any CPU
		{C6717BE3-6B20-49C2-BC3F-0D8D64C2B571}.Release|Any CPU.Build.0 = Release|Any CPU
	EndGlobalSection
	GlobalSection(SolutionProperties) = preSolution
		HideSolutionNode = FALSE
	EndGlobalSection
	GlobalSection(ExtensibilityGlobals) = postSolution
		SolutionGuid = {56C52518-9B3B-4801-BE9B-931EB7FC1C6B}
	EndGlobalSection
EndGlobal
